
Microsoft Visual Studio Solution File, Format Version 12.00
# Visual Studio 15
VisualStudioVersion = 15.0.28307.572
MinimumVisualStudioVersion = 10.0.40219.1
Project("{FAE04EC0-301F-11D3-BF4B-00C04F79EFBC}") = "YazKafe", "YazKafe\YazKafe.csproj", "{B653ADA6-83AF-4E78-9930-F7A79C0EA9AF}"
EndProject
Project("{FAE04EC0-301F-11D3-BF4B-00C04F79EFBC}") = "BilkentKafe.Data", "BilkentKafe.Data\BilkentKafe.Data.csproj", "{1F13240C-6550-43EB-B1D2-674A82289377}"
EndProject
Global
	GlobalSection(SolutionConfigurationPlatforms) = preSolution
		Debug|Any CPU = Debug|Any CPU
		Release|Any CPU = Release|Any CPU
	EndGlobalSection
	GlobalSection(ProjectConfigurationPlatforms) = postSolution
		{B653ADA6-83AF-4E78-9930-F7A79C0EA9AF}.Debug|Any CPU.ActiveCfg = Debug|Any CPU
		{B653ADA6-83AF-4E78-9930-F7A79C0EA9AF}.Debug|Any CPU.Build.0 = Debug|Any CPU
		{B653ADA6-83AF-4E78-9930-F7A79C0EA9AF}.Release|Any CPU.ActiveCfg = Release|Any CPU
		{B653ADA6-83AF-4E78-9930-F7A79C0EA9AF}.Release|Any CPU.Build.0 = Release|Any CPU
		{1F13240C-6550-43EB-B1D2-674A82289377}.Debug|Any CPU.ActiveCfg = Debug|Any CPU
		{1F13240C-6550-43EB-B1D2-674A82289377}.Debug|Any CPU.Build.0 = Debug|Any CPU
		{1F13240C-6550-43EB-B1D2-674A82289377}.Release|Any CPU.ActiveCfg = Release|Any CPU
		{1F13240C-6550-43EB-B1D2-674A82289377}.Release|Any CPU.Build.0 = Release|Any CPU
	EndGlobalSection
	GlobalSection(SolutionProperties) = preSolution
		HideSolutionNode = FALSE
	EndGlobalSection
	GlobalSection(ExtensibilityGlobals) = postSolution
		SolutionGuid = {ACA8263F-BF07-420A-9E0C-EFC6F4A04CDB}
	EndGlobalSection
EndGlobal
